
Microsoft Visual Studio Solution File, Format Version 12.00
# Visual Studio Version 16
VisualStudioVersion = 16.0.32413.511
MinimumVisualStudioVersion = 10.0.40219.1
Project("{9A19103F-16F7-4668-BE54-9A1E7A4F7556}") = "Entities", "Entities\Entities.csproj", "{907BE141-8EE3-45D2-86BB-75532BB68485}"
EndProject
Project("{9A19103F-16F7-4668-BE54-9A1E7A4F7556}") = "DataAccess", "DataAccess\DataAccess.csproj", "{AD6352C5-BFDF-462A-80E0-9433A4A294C0}"
EndProject
Project("{9A19103F-16F7-4668-BE54-9A1E7A4F7556}") = "Business", "Business\Business.csproj", "{F7210522-5B09-4EFE-B6C5-73183979A683}"
EndProject
Project("{9A19103F-16F7-4668-BE54-9A1E7A4F7556}") = "ConsoleUI", "ConsoleUI\ConsoleUI.csproj", "{133C52DC-C18C-421B-B7E8-0FC082278201}"
EndProject
Project("{FAE04EC0-301F-11D3-BF4B-00C04F79EFBC}") = "Core", "Core\Core.csproj", "{2AC75262-AED6-4543-9377-96BCF397C526}"
EndProject
Global
	GlobalSection(SolutionConfigurationPlatforms) = preSolution
		Debug|Any CPU = Debug|Any CPU
		Release|Any CPU = Release|Any CPU
	EndGlobalSection
	GlobalSection(ProjectConfigurationPlatforms) = postSolution
		{907BE141-8EE3-45D2-86BB-75532BB68485}.Debug|Any CPU.ActiveCfg = Debug|Any CPU
		{907BE141-8EE3-45D2-86BB-75532BB68485}.Debug|Any CPU.Build.0 = Debug|Any CPU
		{907BE141-8EE3-45D2-86BB-75532BB68485}.Release|Any CPU.ActiveCfg = Release|Any CPU
		{907BE141-8EE3-45D2-86BB-75532BB68485}.Release|Any CPU.Build.0 = Release|Any CPU
		{AD6352C5-BFDF-462A-80E0-9433A4A294C0}.Debug|Any CPU.ActiveCfg = Debug|Any CPU
		{AD6352C5-BFDF-462A-80E0-9433A4A294C0}.Debug|Any CPU.Build.0 = Debug|Any CPU
		{AD6352C5-BFDF-462A-80E0-9433A4A294C0}.Release|Any CPU.ActiveCfg = Release|Any CPU
		{AD6352C5-BFDF-462A-80E0-9433A4A294C0}.Release|Any CPU.Build.0 = Release|Any CPU
		{F7210522-5B09-4EFE-B6C5-73183979A683}.Debug|Any CPU.ActiveCfg = Debug|Any CPU
		{F7210522-5B09-4EFE-B6C5-73183979A683}.Debug|Any CPU.Build.0 = Debug|Any CPU
		{F7210522-5B09-4EFE-B6C5-73183979A683}.Release|Any CPU.ActiveCfg = Release|Any CPU
		{F7210522-5B09-4EFE-B6C5-73183979A683}.Release|Any CPU.Build.0 = Release|Any CPU
		{133C52DC-C18C-421B-B7E8-0FC082278201}.Debug|Any CPU.ActiveCfg = Debug|Any CPU
		{133C52DC-C18C-421B-B7E8-0FC082278201}.Debug|Any CPU.Build.0 = Debug|Any CPU
		{133C52DC-C18C-421B-B7E8-0FC082278201}.Release|Any CPU.ActiveCfg = Release|Any CPU
		{133C52DC-C18C-421B-B7E8-0FC082278201}.Release|Any CPU.Build.0 = Release|Any CPU
		{2AC75262-AED6-4543-9377-96BCF397C526}.Debug|Any CPU.ActiveCfg = Debug|Any CPU
		{2AC75262-AED6-4543-9377-96BCF397C526}.Debug|Any CPU.Build.0 = Debug|Any CPU
		{2AC75262-AED6-4543-9377-96BCF397C526}.Release|Any CPU.ActiveCfg = Release|Any CPU
		{2AC75262-AED6-4543-9377-96BCF397C526}.Release|Any CPU.Build.0 = Release|Any CPU
	EndGlobalSection
	GlobalSection(SolutionProperties) = preSolution
		HideSolutionNode = FALSE
	EndGlobalSection
	GlobalSection(ExtensibilityGlobals) = postSolution
		SolutionGuid = {A80AFBFA-230E-4DE4-B0B6-6E1D5D1DC102}
	EndGlobalSection
EndGlobal
